
Microsoft Visual Studio Solution File, Format Version 12.00
# Visual Studio 14
VisualStudioVersion = 14.0.25420.1
MinimumVisualStudioVersion = 10.0.40219.1
Project("{FAE04EC0-301F-11D3-BF4B-00C04F79EFBC}") = "UI", "UI\UI.csproj", "{9A6F28EE-D67E-4889-90A4-8E65CF70A25C}"
EndProject
Project("{FAE04EC0-301F-11D3-BF4B-00C04F79EFBC}") = "BLL", "BLL\BLL.csproj", "{363EA994-70CA-472A-9E9A-98073A4583B4}"
EndProject
Project("{FAE04EC0-301F-11D3-BF4B-00C04F79EFBC}") = "DAL", "DAL\DAL.csproj", "{DFA49BE4-7AA7-4EBD-8740-2E208A82B161}"
EndProject
Project("{FAE04EC0-301F-11D3-BF4B-00C04F79EFBC}") = "EntityObject", "EntityObject\EntityObject.csproj", "{3D299721-1486-4BC8-953B-8508E2F753B5}"
EndProject
Project("{54435603-DBB4-11D2-8724-00A0C9A8B90C}") = "DTPLVisitorSystem", "DTPLVisitorSystem\DTPLVisitorSystem.vdproj", "{0F9F7516-4F0B-418F-B5F5-48B4E6CF740F}"
EndProject
Project("{54435603-DBB4-11D2-8724-00A0C9A8B90C}") = "VMS", "VMS\VMS.vdproj", "{F7D9A0EC-F324-4663-AF49-51A304E21605}"
EndProject
Global
	GlobalSection(SolutionConfigurationPlatforms) = preSolution
		CD_ROM|Any CPU = CD_ROM|Any CPU
		Debug|Any CPU = Debug|Any CPU
		DVD-5|Any CPU = DVD-5|Any CPU
		Release|Any CPU = Release|Any CPU
		SingleImage|Any CPU = SingleImage|Any CPU
	EndGlobalSection
	GlobalSection(ProjectConfigurationPlatforms) = postSolution
		{9A6F28EE-D67E-4889-90A4-8E65CF70A25C}.CD_ROM|Any CPU.ActiveCfg = Release|Any CPU
		{9A6F28EE-D67E-4889-90A4-8E65CF70A25C}.CD_ROM|Any CPU.Build.0 = Release|Any CPU
		{9A6F28EE-D67E-4889-90A4-8E65CF70A25C}.Debug|Any CPU.ActiveCfg = Debug|Any CPU
		{9A6F28EE-D67E-4889-90A4-8E65CF70A25C}.Debug|Any CPU.Build.0 = Debug|Any CPU
		{9A6F28EE-D67E-4889-90A4-8E65CF70A25C}.DVD-5|Any CPU.ActiveCfg = Debug|Any CPU
		{9A6F28EE-D67E-4889-90A4-8E65CF70A25C}.DVD-5|Any CPU.Build.0 = Debug|Any CPU
		{9A6F28EE-D67E-4889-90A4-8E65CF70A25C}.Release|Any CPU.ActiveCfg = Release|Any CPU
		{9A6F28EE-D67E-4889-90A4-8E65CF70A25C}.Release|Any CPU.Build.0 = Release|Any CPU
		{9A6F28EE-D67E-4889-90A4-8E65CF70A25C}.SingleImage|Any CPU.ActiveCfg = Release|Any CPU
		{9A6F28EE-D67E-4889-90A4-8E65CF70A25C}.SingleImage|Any CPU.Build.0 = Release|Any CPU
		{363EA994-70CA-472A-9E9A-98073A4583B4}.CD_ROM|Any CPU.ActiveCfg = Release|Any CPU
		{363EA994-70CA-472A-9E9A-98073A4583B4}.CD_ROM|Any CPU.Build.0 = Release|Any CPU
		{363EA994-70CA-472A-9E9A-98073A4583B4}.Debug|Any CPU.ActiveCfg = Debug|Any CPU
		{363EA994-70CA-472A-9E9A-98073A4583B4}.Debug|Any CPU.Build.0 = Debug|Any CPU
		{363EA994-70CA-472A-9E9A-98073A4583B4}.DVD-5|Any CPU.ActiveCfg = Debug|Any CPU
		{363EA994-70CA-472A-9E9A-98073A4583B4}.DVD-5|Any CPU.Build.0 = Debug|Any CPU
		{363EA994-70CA-472A-9E9A-98073A4583B4}.Release|Any CPU.ActiveCfg = Release|Any CPU
		{363EA994-70CA-472A-9E9A-98073A4583B4}.Release|Any CPU.Build.0 = Release|Any CPU
		{363EA994-70CA-472A-9E9A-98073A4583B4}.SingleImage|Any CPU.ActiveCfg = Release|Any CPU
		{363EA994-70CA-472A-9E9A-98073A4583B4}.SingleImage|Any CPU.Build.0 = Release|Any CPU
		{DFA49BE4-7AA7-4EBD-8740-2E208A82B161}.CD_ROM|Any CPU.ActiveCfg = Release|Any CPU
		{DFA49BE4-7AA7-4EBD-8740-2E208A82B161}.CD_ROM|Any CPU.Build.0 = Release|Any CPU
		{DFA49BE4-7AA7-4EBD-8740-2E208A82B161}.Debug|Any CPU.ActiveCfg = Debug|Any CPU
		{DFA49BE4-7AA7-4EBD-8740-2E208A82B161}.Debug|Any CPU.Build.0 = Debug|Any CPU
		{DFA49BE4-7AA7-4EBD-8740-2E208A82B161}.DVD-5|Any CPU.ActiveCfg = Debug|Any CPU
		{DFA49BE4-7AA7-4EBD-8740-2E208A82B161}.DVD-5|Any CPU.Build.0 = Debug|Any CPU
		{DFA49BE4-7AA7-4EBD-8740-2E208A82B161}.Release|Any CPU.ActiveCfg = Release|Any CPU
		{DFA49BE4-7AA7-4EBD-8740-2E208A82B161}.Release|Any CPU.Build.0 = Release|Any CPU
		{DFA49BE4-7AA7-4EBD-8740-2E208A82B161}.SingleImage|Any CPU.ActiveCfg = Release|Any CPU
		{DFA49BE4-7AA7-4EBD-8740-2E208A82B161}.SingleImage|Any CPU.Build.0 = Release|Any CPU
		{3D299721-1486-4BC8-953B-8508E2F753B5}.CD_ROM|Any CPU.ActiveCfg = Release|Any CPU
		{3D299721-1486-4BC8-953B-8508E2F753B5}.CD_ROM|Any CPU.Build.0 = Release|Any CPU
		{3D299721-1486-4BC8-953B-8508E2F753B5}.Debug|Any CPU.ActiveCfg = Debug|Any CPU
		{3D299721-1486-4BC8-953B-8508E2F753B5}.Debug|Any CPU.Build.0 = Debug|Any CPU
		{3D299721-1486-4BC8-953B-8508E2F753B5}.DVD-5|Any CPU.ActiveCfg = Debug|Any CPU
		{3D299721-1486-4BC8-953B-8508E2F753B5}.DVD-5|Any CPU.Build.0 = Debug|Any CPU
		{3D299721-1486-4BC8-953B-8508E2F753B5}.Release|Any CPU.ActiveCfg = Release|Any CPU
		{3D299721-1486-4BC8-953B-8508E2F753B5}.Release|Any CPU.Build.0 = Release|Any CPU
		{3D299721-1486-4BC8-953B-8508E2F753B5}.SingleImage|Any CPU.ActiveCfg = Release|Any CPU
		{3D299721-1486-4BC8-953B-8508E2F753B5}.SingleImage|Any CPU.Build.0 = Release|Any CPU
		{0F9F7516-4F0B-418F-B5F5-48B4E6CF740F}.CD_ROM|Any CPU.ActiveCfg = Release
		{0F9F7516-4F0B-418F-B5F5-48B4E6CF740F}.Debug|Any CPU.ActiveCfg = Debug
		{0F9F7516-4F0B-418F-B5F5-48B4E6CF740F}.DVD-5|Any CPU.ActiveCfg = Debug
		{0F9F7516-4F0B-418F-B5F5-48B4E6CF740F}.Release|Any CPU.ActiveCfg = Release
		{0F9F7516-4F0B-418F-B5F5-48B4E6CF740F}.SingleImage|Any CPU.ActiveCfg = Release
		{F7D9A0EC-F324-4663-AF49-51A304E21605}.CD_ROM|Any CPU.ActiveCfg = Release
		{F7D9A0EC-F324-4663-AF49-51A304E21605}.Debug|Any CPU.ActiveCfg = Debug
		{F7D9A0EC-F324-4663-AF49-51A304E21605}.DVD-5|Any CPU.ActiveCfg = Debug
		{F7D9A0EC-F324-4663-AF49-51A304E21605}.Release|Any CPU.ActiveCfg = Release
		{F7D9A0EC-F324-4663-AF49-51A304E21605}.SingleImage|Any CPU.ActiveCfg = Release
	EndGlobalSection
	GlobalSection(SolutionProperties) = preSolution
		HideSolutionNode = FALSE
	EndGlobalSection
EndGlobal
